// !$*UTF8*$!
{
	archiveVersion = 1;
	classes = {
	};
	objectVersion = 50;
	objects = {

/* Begin PBXBuildFile section */
		0131716D22353B9700E87E5E /* AspectTests.swift in Sources */ = {isa = PBXBuildFile; fileRef = 0131716C22353B9700E87E5E /* AspectTests.swift */; };
		0131716F22353B9700E87E5E /* Aspect.h in Headers */ = {isa = PBXBuildFile; fileRef = 0131716122353B9600E87E5E /* Aspect.h */; settings = {ATTRIBUTES = (Public, ); }; };
		0131717C22353BDB00E87E5E /* NSObject+Aspect.m in Sources */ = {isa = PBXBuildFile; fileRef = 0131717922353BDB00E87E5E /* NSObject+Aspect.m */; };
		0131717D22353BDB00E87E5E /* Aspect.swift in Sources */ = {isa = PBXBuildFile; fileRef = 0131717A22353BDB00E87E5E /* Aspect.swift */; };
		0131717E22353BDB00E87E5E /* NSObject+Aspect.h in Headers */ = {isa = PBXBuildFile; fileRef = 0131717B22353BDB00E87E5E /* NSObject+Aspect.h */; settings = {ATTRIBUTES = (Public, ); }; };
		013171CF223559A900E87E5E /* Aspect.framework in Frameworks */ = {isa = PBXBuildFile; fileRef = 0131715E22353B9600E87E5E /* Aspect.framework */; };
		013171FC22355F0400E87E5E /* NSObject+Aspect.h in Headers */ = {isa = PBXBuildFile; fileRef = 0131717B22353BDB00E87E5E /* NSObject+Aspect.h */; settings = {ATTRIBUTES = (Public, ); }; };
		013171FD22355F0400E87E5E /* Aspect.h in Headers */ = {isa = PBXBuildFile; fileRef = 0131716122353B9600E87E5E /* Aspect.h */; settings = {ATTRIBUTES = (Public, ); }; };
		013171FF22355F0400E87E5E /* NSObject+Aspect.m in Sources */ = {isa = PBXBuildFile; fileRef = 0131717922353BDB00E87E5E /* NSObject+Aspect.m */; };
		0131720022355F0400E87E5E /* Aspect.swift in Sources */ = {isa = PBXBuildFile; fileRef = 0131717A22353BDB00E87E5E /* Aspect.swift */; };
		0131721722355F6500E87E5E /* NSObject+Aspect.h in Headers */ = {isa = PBXBuildFile; fileRef = 0131717B22353BDB00E87E5E /* NSObject+Aspect.h */; settings = {ATTRIBUTES = (Public, ); }; };
		0131721822355F6500E87E5E /* Aspect.h in Headers */ = {isa = PBXBuildFile; fileRef = 0131716122353B9600E87E5E /* Aspect.h */; settings = {ATTRIBUTES = (Public, ); }; };
		0131721A22355F6500E87E5E /* NSObject+Aspect.m in Sources */ = {isa = PBXBuildFile; fileRef = 0131717922353BDB00E87E5E /* NSObject+Aspect.m */; };
		0131721B22355F6500E87E5E /* Aspect.swift in Sources */ = {isa = PBXBuildFile; fileRef = 0131717A22353BDB00E87E5E /* Aspect.swift */; };
		0131723222355F9800E87E5E /* NSObject+Aspect.h in Headers */ = {isa = PBXBuildFile; fileRef = 0131717B22353BDB00E87E5E /* NSObject+Aspect.h */; settings = {ATTRIBUTES = (Public, ); }; };
		0131723322355F9800E87E5E /* Aspect.h in Headers */ = {isa = PBXBuildFile; fileRef = 0131716122353B9600E87E5E /* Aspect.h */; settings = {ATTRIBUTES = (Public, ); }; };
		0131723522355F9800E87E5E /* NSObject+Aspect.m in Sources */ = {isa = PBXBuildFile; fileRef = 0131717922353BDB00E87E5E /* NSObject+Aspect.m */; };
		0131723622355F9800E87E5E /* Aspect.swift in Sources */ = {isa = PBXBuildFile; fileRef = 0131717A22353BDB00E87E5E /* Aspect.swift */; };
		01495F912236AC6C00216DE7 /* Aspect.framework in Frameworks */ = {isa = PBXBuildFile; fileRef = 0131720622355F0400E87E5E /* Aspect.framework */; };
		01495F972236ACA200216DE7 /* AspectTests.swift in Sources */ = {isa = PBXBuildFile; fileRef = 0131716C22353B9700E87E5E /* AspectTests.swift */; };
		01495FA12236ACDF00216DE7 /* Aspect.framework in Frameworks */ = {isa = PBXBuildFile; fileRef = 0131722122355F6500E87E5E /* Aspect.framework */; };
		01495FA72236C39700216DE7 /* AspectTests.swift in Sources */ = {isa = PBXBuildFile; fileRef = 0131716C22353B9700E87E5E /* AspectTests.swift */; };
		01495FAF2237ED6E00216DE7 /* AppDelegate.swift in Sources */ = {isa = PBXBuildFile; fileRef = 01495FAE2237ED6E00216DE7 /* AppDelegate.swift */; };
		01495FB12237ED6E00216DE7 /* ViewController.swift in Sources */ = {isa = PBXBuildFile; fileRef = 01495FB02237ED6E00216DE7 /* ViewController.swift */; };
		01495FB42237ED6E00216DE7 /* Main.storyboard in Resources */ = {isa = PBXBuildFile; fileRef = 01495FB22237ED6E00216DE7 /* Main.storyboard */; };
		01495FB62237ED6F00216DE7 /* Assets.xcassets in Resources */ = {isa = PBXBuildFile; fileRef = 01495FB52237ED6F00216DE7 /* Assets.xcassets */; };
		01495FB92237ED6F00216DE7 /* LaunchScreen.storyboard in Resources */ = {isa = PBXBuildFile; fileRef = 01495FB72237ED6F00216DE7 /* LaunchScreen.storyboard */; };
		01495FC02237EE1200216DE7 /* Aspect.framework in Frameworks */ = {isa = PBXBuildFile; fileRef = 0131715E22353B9600E87E5E /* Aspect.framework */; };
		01495FC12237EE1200216DE7 /* Aspect.framework in Embed Frameworks */ = {isa = PBXBuildFile; fileRef = 0131715E22353B9600E87E5E /* Aspect.framework */; settings = {ATTRIBUTES = (CodeSignOnCopy, RemoveHeadersOnCopy, ); }; };
/* End PBXBuildFile section */

/* Begin PBXContainerItemProxy section */
		013171CC223559A400E87E5E /* PBXContainerItemProxy */ = {
			isa = PBXContainerItemProxy;
			containerPortal = 0131715522353B9600E87E5E /* Project object */;
			proxyType = 1;
			remoteGlobalIDString = 0131715D22353B9600E87E5E;
			remoteInfo = Aspect;
		};
		01495F922236AC6C00216DE7 /* PBXContainerItemProxy */ = {
			isa = PBXContainerItemProxy;
			containerPortal = 0131715522353B9600E87E5E /* Project object */;
			proxyType = 1;
			remoteGlobalIDString = 013171FA22355F0400E87E5E;
			remoteInfo = "Aspect macOS";
		};
		01495FA22236ACDF00216DE7 /* PBXContainerItemProxy */ = {
			isa = PBXContainerItemProxy;
			containerPortal = 0131715522353B9600E87E5E /* Project object */;
			proxyType = 1;
			remoteGlobalIDString = 0131721522355F6500E87E5E;
			remoteInfo = "Aspect tvOS";
		};
		01495FBE2237ED7800216DE7 /* PBXContainerItemProxy */ = {
			isa = PBXContainerItemProxy;
			containerPortal = 0131715522353B9600E87E5E /* Project object */;
			proxyType = 1;
			remoteGlobalIDString = 01495FAB2237ED6E00216DE7;
			remoteInfo = AspectDemo;
		};
		01495FC22237EE1200216DE7 /* PBXContainerItemProxy */ = {
			isa = PBXContainerItemProxy;
			containerPortal = 0131715522353B9600E87E5E /* Project object */;
			proxyType = 1;
			remoteGlobalIDString = 0131715D22353B9600E87E5E;
			remoteInfo = "Aspect iOS";
		};
/* End PBXContainerItemProxy section */

/* Begin PBXCopyFilesBuildPhase section */
		01495FC42237EE1200216DE7 /* Embed Frameworks */ = {
			isa = PBXCopyFilesBuildPhase;
			buildActionMask = 2147483647;
			dstPath = "";
			dstSubfolderSpec = 10;
			files = (
				01495FC12237EE1200216DE7 /* Aspect.framework in Embed Frameworks */,
			);
			name = "Embed Frameworks";
			runOnlyForDeploymentPostprocessing = 0;
		};
/* End PBXCopyFilesBuildPhase section */

/* Begin PBXFileReference section */
		0131715E22353B9600E87E5E /* Aspect.framework */ = {isa = PBXFileReference; explicitFileType = wrapper.framework; includeInIndex = 0; path = Aspect.framework; sourceTree = BUILT_PRODUCTS_DIR; };
		0131716122353B9600E87E5E /* Aspect.h */ = {isa = PBXFileReference; lastKnownFileType = sourcecode.c.h; path = Aspect.h; sourceTree = "<group>"; };
		0131716222353B9700E87E5E /* Info.plist */ = {isa = PBXFileReference; lastKnownFileType = text.plist.xml; path = Info.plist; sourceTree = "<group>"; };
		0131716722353B9700E87E5E /* AspectTests iOS.xctest */ = {isa = PBXFileReference; explicitFileType = wrapper.cfbundle; includeInIndex = 0; path = "AspectTests iOS.xctest"; sourceTree = BUILT_PRODUCTS_DIR; };
		0131716C22353B9700E87E5E /* AspectTests.swift */ = {isa = PBXFileReference; lastKnownFileType = sourcecode.swift; path = AspectTests.swift; sourceTree = "<group>"; };
		0131716E22353B9700E87E5E /* Info.plist */ = {isa = PBXFileReference; lastKnownFileType = text.plist.xml; path = Info.plist; sourceTree = "<group>"; };
		0131717922353BDB00E87E5E /* NSObject+Aspect.m */ = {isa = PBXFileReference; fileEncoding = 4; lastKnownFileType = sourcecode.c.objc; path = "NSObject+Aspect.m"; sourceTree = "<group>"; };
		0131717A22353BDB00E87E5E /* Aspect.swift */ = {isa = PBXFileReference; fileEncoding = 4; lastKnownFileType = sourcecode.swift; path = Aspect.swift; sourceTree = "<group>"; };
		0131717B22353BDB00E87E5E /* NSObject+Aspect.h */ = {isa = PBXFileReference; fileEncoding = 4; lastKnownFileType = sourcecode.c.h; path = "NSObject+Aspect.h"; sourceTree = "<group>"; };
		0131718022353C7600E87E5E /* Version.xcconfig */ = {isa = PBXFileReference; lastKnownFileType = text.xcconfig; path = Version.xcconfig; sourceTree = SOURCE_ROOT; };
		0131720622355F0400E87E5E /* Aspect.framework */ = {isa = PBXFileReference; explicitFileType = wrapper.framework; includeInIndex = 0; path = Aspect.framework; sourceTree = BUILT_PRODUCTS_DIR; };
		0131722122355F6500E87E5E /* Aspect.framework */ = {isa = PBXFileReference; explicitFileType = wrapper.framework; includeInIndex = 0; path = Aspect.framework; sourceTree = BUILT_PRODUCTS_DIR; };
		0131723C22355F9800E87E5E /* Aspect.framework */ = {isa = PBXFileReference; explicitFileType = wrapper.framework; includeInIndex = 0; path = Aspect.framework; sourceTree = BUILT_PRODUCTS_DIR; };
		01495F8C2236AC6C00216DE7 /* AspectTests macOS.xctest */ = {isa = PBXFileReference; explicitFileType = wrapper.cfbundle; includeInIndex = 0; path = "AspectTests macOS.xctest"; sourceTree = BUILT_PRODUCTS_DIR; };
		01495F9C2236ACDF00216DE7 /* AspectTests tvOS.xctest */ = {isa = PBXFileReference; explicitFileType = wrapper.cfbundle; includeInIndex = 0; path = "AspectTests tvOS.xctest"; sourceTree = BUILT_PRODUCTS_DIR; };
		01495FAC2237ED6E00216DE7 /* AspectDemo iOS.app */ = {isa = PBXFileReference; explicitFileType = wrapper.application; includeInIndex = 0; path = "AspectDemo iOS.app"; sourceTree = BUILT_PRODUCTS_DIR; };
		01495FAE2237ED6E00216DE7 /* AppDelegate.swift */ = {isa = PBXFileReference; lastKnownFileType = sourcecode.swift; path = AppDelegate.swift; sourceTree = "<group>"; };
		01495FB02237ED6E00216DE7 /* ViewController.swift */ = {isa = PBXFileReference; lastKnownFileType = sourcecode.swift; path = ViewController.swift; sourceTree = "<group>"; };
		01495FB32237ED6E00216DE7 /* Base */ = {isa = PBXFileReference; lastKnownFileType = file.storyboard; name = Base; path = Base.lproj/Main.storyboard; sourceTree = "<group>"; };
		01495FB52237ED6F00216DE7 /* Assets.xcassets */ = {isa = PBXFileReference; lastKnownFileType = folder.assetcatalog; path = Assets.xcassets; sourceTree = "<group>"; };
		01495FB82237ED6F00216DE7 /* Base */ = {isa = PBXFileReference; lastKnownFileType = file.storyboard; name = Base; path = Base.lproj/LaunchScreen.storyboard; sourceTree = "<group>"; };
		01495FBA2237ED6F00216DE7 /* Info.plist */ = {isa = PBXFileReference; lastKnownFileType = text.plist.xml; path = Info.plist; sourceTree = "<group>"; };
		019C630A2235692A0011BA78 /* Package.swift */ = {isa = PBXFileReference; lastKnownFileType = sourcecode.swift; path = Package.swift; sourceTree = "<group>"; };
		019C630B2235692A0011BA78 /* Aspect.podspec */ = {isa = PBXFileReference; lastKnownFileType = text; path = Aspect.podspec; sourceTree = "<group>"; };
		019C630C2235692A0011BA78 /* README.md */ = {isa = PBXFileReference; lastKnownFileType = net.daringfireball.markdown; path = README.md; sourceTree = "<group>"; };
/* End PBXFileReference section */

/* Begin PBXFrameworksBuildPhase section */
		0131715B22353B9600E87E5E /* Frameworks */ = {
			isa = PBXFrameworksBuildPhase;
			buildActionMask = 2147483647;
			files = (
			);
			runOnlyForDeploymentPostprocessing = 0;
		};
		0131716422353B9700E87E5E /* Frameworks */ = {
			isa = PBXFrameworksBuildPhase;
			buildActionMask = 2147483647;
			files = (
				013171CF223559A900E87E5E /* Aspect.framework in Frameworks */,
			);
			runOnlyForDeploymentPostprocessing = 0;
		};
		0131720122355F0400E87E5E /* Frameworks */ = {
			isa = PBXFrameworksBuildPhase;
			buildActionMask = 2147483647;
			files = (
			);
			runOnlyForDeploymentPostprocessing = 0;
		};
		0131721C22355F6500E87E5E /* Frameworks */ = {
			isa = PBXFrameworksBuildPhase;
			buildActionMask = 2147483647;
			files = (
			);
			runOnlyForDeploymentPostprocessing = 0;
		};
		0131723722355F9800E87E5E /* Frameworks */ = {
			isa = PBXFrameworksBuildPhase;
			buildActionMask = 2147483647;
			files = (
			);
			runOnlyForDeploymentPostprocessing = 0;
		};
		01495F892236AC6C00216DE7 /* Frameworks */ = {
			isa = PBXFrameworksBuildPhase;
			buildActionMask = 2147483647;
			files = (
				01495F912236AC6C00216DE7 /* Aspect.framework in Frameworks */,
			);
			runOnlyForDeploymentPostprocessing = 0;
		};
		01495F992236ACDF00216DE7 /* Frameworks */ = {
			isa = PBXFrameworksBuildPhase;
			buildActionMask = 2147483647;
			files = (
				01495FA12236ACDF00216DE7 /* Aspect.framework in Frameworks */,
			);
			runOnlyForDeploymentPostprocessing = 0;
		};
		01495FA92237ED6E00216DE7 /* Frameworks */ = {
			isa = PBXFrameworksBuildPhase;
			buildActionMask = 2147483647;
			files = (
				01495FC02237EE1200216DE7 /* Aspect.framework in Frameworks */,
			);
			runOnlyForDeploymentPostprocessing = 0;
		};
/* End PBXFrameworksBuildPhase section */

/* Begin PBXGroup section */
		0131715422353B9600E87E5E = {
			isa = PBXGroup;
			children = (
				019C6309223569170011BA78 /* Deployment */,
				0131716022353B9600E87E5E /* Aspect */,
				0131716B22353B9700E87E5E /* AspectTests */,
				01495FAD2237ED6E00216DE7 /* AspectDemo */,
				013171CE223559A900E87E5E /* Frameworks */,
				0131715F22353B9600E87E5E /* Products */,
			);
			sourceTree = "<group>";
		};
		0131715F22353B9600E87E5E /* Products */ = {
			isa = PBXGroup;
			children = (
				0131715E22353B9600E87E5E /* Aspect.framework */,
				0131720622355F0400E87E5E /* Aspect.framework */,
				0131722122355F6500E87E5E /* Aspect.framework */,
				0131723C22355F9800E87E5E /* Aspect.framework */,
				0131716722353B9700E87E5E /* AspectTests iOS.xctest */,
				01495F8C2236AC6C00216DE7 /* AspectTests macOS.xctest */,
				01495F9C2236ACDF00216DE7 /* AspectTests tvOS.xctest */,
				01495FAC2237ED6E00216DE7 /* AspectDemo iOS.app */,
			);
			name = Products;
			sourceTree = "<group>";
		};
		0131716022353B9600E87E5E /* Aspect */ = {
			isa = PBXGroup;
			children = (
				0131717A22353BDB00E87E5E /* Aspect.swift */,
				0131717B22353BDB00E87E5E /* NSObject+Aspect.h */,
				0131717922353BDB00E87E5E /* NSObject+Aspect.m */,
				0131717822353BAD00E87E5E /* Supporting Files */,
			);
			path = Aspect;
			sourceTree = "<group>";
		};
		0131716B22353B9700E87E5E /* AspectTests */ = {
			isa = PBXGroup;
			children = (
				0131716C22353B9700E87E5E /* AspectTests.swift */,
				0131716E22353B9700E87E5E /* Info.plist */,
			);
			path = AspectTests;
			sourceTree = "<group>";
		};
		0131717822353BAD00E87E5E /* Supporting Files */ = {
			isa = PBXGroup;
			children = (
				0131716122353B9600E87E5E /* Aspect.h */,
				0131716222353B9700E87E5E /* Info.plist */,
				0131718022353C7600E87E5E /* Version.xcconfig */,
			);
			name = "Supporting Files";
			sourceTree = "<group>";
		};
		013171CE223559A900E87E5E /* Frameworks */ = {
			isa = PBXGroup;
			children = (
			);
			name = Frameworks;
			sourceTree = "<group>";
		};
		01495FAD2237ED6E00216DE7 /* AspectDemo */ = {
			isa = PBXGroup;
			children = (
				01495FAE2237ED6E00216DE7 /* AppDelegate.swift */,
				01495FB02237ED6E00216DE7 /* ViewController.swift */,
				01495FB22237ED6E00216DE7 /* Main.storyboard */,
				01495FB52237ED6F00216DE7 /* Assets.xcassets */,
				01495FB72237ED6F00216DE7 /* LaunchScreen.storyboard */,
				01495FBA2237ED6F00216DE7 /* Info.plist */,
			);
			path = AspectDemo;
			sourceTree = "<group>";
		};
		019C6309223569170011BA78 /* Deployment */ = {
			isa = PBXGroup;
			children = (
				019C630A2235692A0011BA78 /* Package.swift */,
				019C630C2235692A0011BA78 /* README.md */,
				019C630B2235692A0011BA78 /* Aspect.podspec */,
			);
			name = Deployment;
			sourceTree = "<group>";
		};
/* End PBXGroup section */

/* Begin PBXHeadersBuildPhase section */
		0131715922353B9600E87E5E /* Headers */ = {
			isa = PBXHeadersBuildPhase;
			buildActionMask = 2147483647;
			files = (
				0131716F22353B9700E87E5E /* Aspect.h in Headers */,
				0131717E22353BDB00E87E5E /* NSObject+Aspect.h in Headers */,
			);
			runOnlyForDeploymentPostprocessing = 0;
		};
		013171FB22355F0400E87E5E /* Headers */ = {
			isa = PBXHeadersBuildPhase;
			buildActionMask = 2147483647;
			files = (
				013171FD22355F0400E87E5E /* Aspect.h in Headers */,
				013171FC22355F0400E87E5E /* NSObject+Aspect.h in Headers */,
			);
			runOnlyForDeploymentPostprocessing = 0;
		};
		0131721622355F6500E87E5E /* Headers */ = {
			isa = PBXHeadersBuildPhase;
			buildActionMask = 2147483647;
			files = (
				0131721822355F6500E87E5E /* Aspect.h in Headers */,
				0131721722355F6500E87E5E /* NSObject+Aspect.h in Headers */,
			);
			runOnlyForDeploymentPostprocessing = 0;
		};
		0131723122355F9800E87E5E /* Headers */ = {
			isa = PBXHeadersBuildPhase;
			buildActionMask = 2147483647;
			files = (
				0131723322355F9800E87E5E /* Aspect.h in Headers */,
				0131723222355F9800E87E5E /* NSObject+Aspect.h in Headers */,
			);
			runOnlyForDeploymentPostprocessing = 0;
		};
/* End PBXHeadersBuildPhase section */

/* Begin PBXNativeTarget section */
		0131715D22353B9600E87E5E /* Aspect iOS */ = {
			isa = PBXNativeTarget;
			buildConfigurationList = 0131717222353B9700E87E5E /* Build configuration list for PBXNativeTarget "Aspect iOS" */;
			buildPhases = (
				0131715922353B9600E87E5E /* Headers */,
				0131715A22353B9600E87E5E /* Sources */,
				0131715B22353B9600E87E5E /* Frameworks */,
				0131715C22353B9600E87E5E /* Resources */,
			);
			buildRules = (
			);
			dependencies = (
			);
			name = "Aspect iOS";
			productName = Aspect;
			productReference = 0131715E22353B9600E87E5E /* Aspect.framework */;
			productType = "com.apple.product-type.framework";
		};
		0131716622353B9700E87E5E /* AspectTests iOS */ = {
			isa = PBXNativeTarget;
			buildConfigurationList = 0131717522353B9700E87E5E /* Build configuration list for PBXNativeTarget "AspectTests iOS" */;
			buildPhases = (
				0131716322353B9700E87E5E /* Sources */,
				0131716422353B9700E87E5E /* Frameworks */,
				0131716522353B9700E87E5E /* Resources */,
			);
			buildRules = (
			);
			dependencies = (
				013171CD223559A400E87E5E /* PBXTargetDependency */,
				01495FBF2237ED7800216DE7 /* PBXTargetDependency */,
			);
			name = "AspectTests iOS";
			productName = AspectTests;
			productReference = 0131716722353B9700E87E5E /* AspectTests iOS.xctest */;
			productType = "com.apple.product-type.bundle.unit-test";
		};
		013171FA22355F0400E87E5E /* Aspect macOS */ = {
			isa = PBXNativeTarget;
			buildConfigurationList = 0131720322355F0400E87E5E /* Build configuration list for PBXNativeTarget "Aspect macOS" */;
			buildPhases = (
				013171FB22355F0400E87E5E /* Headers */,
				013171FE22355F0400E87E5E /* Sources */,
				0131720122355F0400E87E5E /* Frameworks */,
				0131720222355F0400E87E5E /* Resources */,
			);
			buildRules = (
			);
			dependencies = (
			);
			name = "Aspect macOS";
			productName = Aspect;
			productReference = 0131720622355F0400E87E5E /* Aspect.framework */;
			productType = "com.apple.product-type.framework";
		};
		0131721522355F6500E87E5E /* Aspect tvOS */ = {
			isa = PBXNativeTarget;
			buildConfigurationList = 0131721E22355F6500E87E5E /* Build configuration list for PBXNativeTarget "Aspect tvOS" */;
			buildPhases = (
				0131721622355F6500E87E5E /* Headers */,
				0131721922355F6500E87E5E /* Sources */,
				0131721C22355F6500E87E5E /* Frameworks */,
				0131721D22355F6500E87E5E /* Resources */,
			);
			buildRules = (
			);
			dependencies = (
			);
			name = "Aspect tvOS";
			productName = Aspect;
			productReference = 0131722122355F6500E87E5E /* Aspect.framework */;
			productType = "com.apple.product-type.framework";
		};
		0131723022355F9800E87E5E /* Aspect watchOS */ = {
			isa = PBXNativeTarget;
			buildConfigurationList = 0131723922355F9800E87E5E /* Build configuration list for PBXNativeTarget "Aspect watchOS" */;
			buildPhases = (
				0131723122355F9800E87E5E /* Headers */,
				0131723422355F9800E87E5E /* Sources */,
				0131723722355F9800E87E5E /* Frameworks */,
				0131723822355F9800E87E5E /* Resources */,
			);
			buildRules = (
			);
			dependencies = (
			);
			name = "Aspect watchOS";
			productName = Aspect;
			productReference = 0131723C22355F9800E87E5E /* Aspect.framework */;
			productType = "com.apple.product-type.framework";
		};
		01495F8B2236AC6C00216DE7 /* AspectTests macOS */ = {
			isa = PBXNativeTarget;
			buildConfigurationList = 01495F962236AC6C00216DE7 /* Build configuration list for PBXNativeTarget "AspectTests macOS" */;
			buildPhases = (
				01495F882236AC6C00216DE7 /* Sources */,
				01495F892236AC6C00216DE7 /* Frameworks */,
				01495F8A2236AC6C00216DE7 /* Resources */,
			);
			buildRules = (
			);
			dependencies = (
				01495F932236AC6C00216DE7 /* PBXTargetDependency */,
			);
			name = "AspectTests macOS";
			productName = "AspectTests macOS";
			productReference = 01495F8C2236AC6C00216DE7 /* AspectTests macOS.xctest */;
			productType = "com.apple.product-type.bundle.unit-test";
		};
		01495F9B2236ACDF00216DE7 /* AspectTests tvOS */ = {
			isa = PBXNativeTarget;
			buildConfigurationList = 01495FA42236ACDF00216DE7 /* Build configuration list for PBXNativeTarget "AspectTests tvOS" */;
			buildPhases = (
				01495F982236ACDF00216DE7 /* Sources */,
				01495F992236ACDF00216DE7 /* Frameworks */,
				01495F9A2236ACDF00216DE7 /* Resources */,
			);
			buildRules = (
			);
			dependencies = (
				01495FA32236ACDF00216DE7 /* PBXTargetDependency */,
			);
			name = "AspectTests tvOS";
			productName = "AspectTests tvOS";
			productReference = 01495F9C2236ACDF00216DE7 /* AspectTests tvOS.xctest */;
			productType = "com.apple.product-type.bundle.unit-test";
		};
		01495FAB2237ED6E00216DE7 /* AspectDemo iOS */ = {
			isa = PBXNativeTarget;
			buildConfigurationList = 01495FBB2237ED6F00216DE7 /* Build configuration list for PBXNativeTarget "AspectDemo iOS" */;
			buildPhases = (
				01495FA82237ED6E00216DE7 /* Sources */,
				01495FA92237ED6E00216DE7 /* Frameworks */,
				01495FAA2237ED6E00216DE7 /* Resources */,
				01495FC42237EE1200216DE7 /* Embed Frameworks */,
			);
			buildRules = (
			);
			dependencies = (
				01495FC32237EE1200216DE7 /* PBXTargetDependency */,
			);
			name = "AspectDemo iOS";
			productName = AspectDemo;
			productReference = 01495FAC2237ED6E00216DE7 /* AspectDemo iOS.app */;
			productType = "com.apple.product-type.application";
		};
/* End PBXNativeTarget section */

/* Begin PBXProject section */
		0131715522353B9600E87E5E /* Project object */ = {
			isa = PBXProject;
			attributes = {
				LastSwiftUpdateCheck = 1010;
				LastUpgradeCheck = 1010;
				ORGANIZATIONNAME = Syzygy;
				TargetAttributes = {
					0131715D22353B9600E87E5E = {
						CreatedOnToolsVersion = 10.1;
						LastSwiftMigration = 1010;
					};
					0131716622353B9700E87E5E = {
						CreatedOnToolsVersion = 10.1;
						TestTargetID = 01495FAB2237ED6E00216DE7;
					};
					01495F8B2236AC6C00216DE7 = {
						CreatedOnToolsVersion = 10.1;
					};
					01495F9B2236ACDF00216DE7 = {
						CreatedOnToolsVersion = 10.1;
					};
					01495FAB2237ED6E00216DE7 = {
						CreatedOnToolsVersion = 10.1;
					};
				};
			};
			buildConfigurationList = 0131715822353B9600E87E5E /* Build configuration list for PBXProject "Aspect" */;
			compatibilityVersion = "Xcode 9.3";
			developmentRegion = en;
			hasScannedForEncodings = 0;
			knownRegions = (
				en,
				Base,
			);
			mainGroup = 0131715422353B9600E87E5E;
			productRefGroup = 0131715F22353B9600E87E5E /* Products */;
			projectDirPath = "";
			projectRoot = "";
			targets = (
				0131715D22353B9600E87E5E /* Aspect iOS */,
				0131716622353B9700E87E5E /* AspectTests iOS */,
				01495FAB2237ED6E00216DE7 /* AspectDemo iOS */,
				013171FA22355F0400E87E5E /* Aspect macOS */,
				01495F8B2236AC6C00216DE7 /* AspectTests macOS */,
				0131721522355F6500E87E5E /* Aspect tvOS */,
				01495F9B2236ACDF00216DE7 /* AspectTests tvOS */,
				0131723022355F9800E87E5E /* Aspect watchOS */,
			);
		};
/* End PBXProject section */

/* Begin PBXResourcesBuildPhase section */
		0131715C22353B9600E87E5E /* Resources */ = {
			isa = PBXResourcesBuildPhase;
			buildActionMask = 2147483647;
			files = (
			);
			runOnlyForDeploymentPostprocessing = 0;
		};
		0131716522353B9700E87E5E /* Resources */ = {
			isa = PBXResourcesBuildPhase;
			buildActionMask = 2147483647;
			files = (
			);
			runOnlyForDeploymentPostprocessing = 0;
		};
		0131720222355F0400E87E5E /* Resources */ = {
			isa = PBXResourcesBuildPhase;
			buildActionMask = 2147483647;
			files = (
			);
			runOnlyForDeploymentPostprocessing = 0;
		};
		0131721D22355F6500E87E5E /* Resources */ = {
			isa = PBXResourcesBuildPhase;
			buildActionMask = 2147483647;
			files = (
			);
			runOnlyForDeploymentPostprocessing = 0;
		};
		0131723822355F9800E87E5E /* Resources */ = {
			isa = PBXResourcesBuildPhase;
			buildActionMask = 2147483647;
			files = (
			);
			runOnlyForDeploymentPostprocessing = 0;
		};
		01495F8A2236AC6C00216DE7 /* Resources */ = {
			isa = PBXResourcesBuildPhase;
			buildActionMask = 2147483647;
			files = (
			);
			runOnlyForDeploymentPostprocessing = 0;
		};
		01495F9A2236ACDF00216DE7 /* Resources */ = {
			isa = PBXResourcesBuildPhase;
			buildActionMask = 2147483647;
			files = (
			);
			runOnlyForDeploymentPostprocessing = 0;
		};
		01495FAA2237ED6E00216DE7 /* Resources */ = {
			isa = PBXResourcesBuildPhase;
			buildActionMask = 2147483647;
			files = (
				01495FB92237ED6F00216DE7 /* LaunchScreen.storyboard in Resources */,
				01495FB62237ED6F00216DE7 /* Assets.xcassets in Resources */,
				01495FB42237ED6E00216DE7 /* Main.storyboard in Resources */,
			);
			runOnlyForDeploymentPostprocessing = 0;
		};
/* End PBXResourcesBuildPhase section */

/* Begin PBXSourcesBuildPhase section */
		0131715A22353B9600E87E5E /* Sources */ = {
			isa = PBXSourcesBuildPhase;
			buildActionMask = 2147483647;
			files = (
				0131717D22353BDB00E87E5E /* Aspect.swift in Sources */,
				0131717C22353BDB00E87E5E /* NSObject+Aspect.m in Sources */,
			);
			runOnlyForDeploymentPostprocessing = 0;
		};
		0131716322353B9700E87E5E /* Sources */ = {
			isa = PBXSourcesBuildPhase;
			buildActionMask = 2147483647;
			files = (
				0131716D22353B9700E87E5E /* AspectTests.swift in Sources */,
			);
			runOnlyForDeploymentPostprocessing = 0;
		};
		013171FE22355F0400E87E5E /* Sources */ = {
			isa = PBXSourcesBuildPhase;
			buildActionMask = 2147483647;
			files = (
				0131720022355F0400E87E5E /* Aspect.swift in Sources */,
				013171FF22355F0400E87E5E /* NSObject+Aspect.m in Sources */,
			);
			runOnlyForDeploymentPostprocessing = 0;
		};
		0131721922355F6500E87E5E /* Sources */ = {
			isa = PBXSourcesBuildPhase;
			buildActionMask = 2147483647;
			files = (
				0131721B22355F6500E87E5E /* Aspect.swift in Sources */,
				0131721A22355F6500E87E5E /* NSObject+Aspect.m in Sources */,
			);
			runOnlyForDeploymentPostprocessing = 0;
		};
		0131723422355F9800E87E5E /* Sources */ = {
			isa = PBXSourcesBuildPhase;
			buildActionMask = 2147483647;
			files = (
				0131723622355F9800E87E5E /* Aspect.swift in Sources */,
				0131723522355F9800E87E5E /* NSObject+Aspect.m in Sources */,
			);
			runOnlyForDeploymentPostprocessing = 0;
		};
		01495F882236AC6C00216DE7 /* Sources */ = {
			isa = PBXSourcesBuildPhase;
			buildActionMask = 2147483647;
			files = (
				01495F972236ACA200216DE7 /* AspectTests.swift in Sources */,
			);
			runOnlyForDeploymentPostprocessing = 0;
		};
		01495F982236ACDF00216DE7 /* Sources */ = {
			isa = PBXSourcesBuildPhase;
			buildActionMask = 2147483647;
			files = (
				01495FA72236C39700216DE7 /* AspectTests.swift in Sources */,
			);
			runOnlyForDeploymentPostprocessing = 0;
		};
		01495FA82237ED6E00216DE7 /* Sources */ = {
			isa = PBXSourcesBuildPhase;
			buildActionMask = 2147483647;
			files = (
				01495FB12237ED6E00216DE7 /* ViewController.swift in Sources */,
				01495FAF2237ED6E00216DE7 /* AppDelegate.swift in Sources */,
			);
			runOnlyForDeploymentPostprocessing = 0;
		};
/* End PBXSourcesBuildPhase section */

/* Begin PBXTargetDependency section */
		013171CD223559A400E87E5E /* PBXTargetDependency */ = {
			isa = PBXTargetDependency;
			target = 0131715D22353B9600E87E5E /* Aspect iOS */;
			targetProxy = 013171CC223559A400E87E5E /* PBXContainerItemProxy */;
		};
		01495F932236AC6C00216DE7 /* PBXTargetDependency */ = {
			isa = PBXTargetDependency;
			target = 013171FA22355F0400E87E5E /* Aspect macOS */;
			targetProxy = 01495F922236AC6C00216DE7 /* PBXContainerItemProxy */;
		};
		01495FA32236ACDF00216DE7 /* PBXTargetDependency */ = {
			isa = PBXTargetDependency;
			target = 0131721522355F6500E87E5E /* Aspect tvOS */;
			targetProxy = 01495FA22236ACDF00216DE7 /* PBXContainerItemProxy */;
		};
		01495FBF2237ED7800216DE7 /* PBXTargetDependency */ = {
			isa = PBXTargetDependency;
			target = 01495FAB2237ED6E00216DE7 /* AspectDemo iOS */;
			targetProxy = 01495FBE2237ED7800216DE7 /* PBXContainerItemProxy */;
		};
		01495FC32237EE1200216DE7 /* PBXTargetDependency */ = {
			isa = PBXTargetDependency;
			target = 0131715D22353B9600E87E5E /* Aspect iOS */;
			targetProxy = 01495FC22237EE1200216DE7 /* PBXContainerItemProxy */;
		};
/* End PBXTargetDependency section */

/* Begin PBXVariantGroup section */
		01495FB22237ED6E00216DE7 /* Main.storyboard */ = {
			isa = PBXVariantGroup;
			children = (
				01495FB32237ED6E00216DE7 /* Base */,
			);
			name = Main.storyboard;
			sourceTree = "<group>";
		};
		01495FB72237ED6F00216DE7 /* LaunchScreen.storyboard */ = {
			isa = PBXVariantGroup;
			children = (
				01495FB82237ED6F00216DE7 /* Base */,
			);
			name = LaunchScreen.storyboard;
			sourceTree = "<group>";
		};
/* End PBXVariantGroup section */

/* Begin XCBuildConfiguration section */
		0131717022353B9700E87E5E /* Debug */ = {
			isa = XCBuildConfiguration;
			baseConfigurationReference = 0131718022353C7600E87E5E /* Version.xcconfig */;
			buildSettings = {
				ALWAYS_SEARCH_USER_PATHS = NO;
				CLANG_ANALYZER_NONNULL = YES;
				CLANG_ANALYZER_NUMBER_OBJECT_CONVERSION = YES_AGGRESSIVE;
				CLANG_CXX_LANGUAGE_STANDARD = "gnu++14";
				CLANG_CXX_LIBRARY = "libc++";
				CLANG_ENABLE_MODULES = YES;
				CLANG_ENABLE_OBJC_ARC = YES;
				CLANG_ENABLE_OBJC_WEAK = YES;
				CLANG_WARN_BLOCK_CAPTURE_AUTORELEASING = YES;
				CLANG_WARN_BOOL_CONVERSION = YES;
				CLANG_WARN_COMMA = YES;
				CLANG_WARN_CONSTANT_CONVERSION = YES;
				CLANG_WARN_DEPRECATED_OBJC_IMPLEMENTATIONS = YES;
				CLANG_WARN_DIRECT_OBJC_ISA_USAGE = YES_ERROR;
				CLANG_WARN_DOCUMENTATION_COMMENTS = YES;
				CLANG_WARN_EMPTY_BODY = YES;
				CLANG_WARN_ENUM_CONVERSION = YES;
				CLANG_WARN_INFINITE_RECURSION = YES;
				CLANG_WARN_INT_CONVERSION = YES;
				CLANG_WARN_NON_LITERAL_NULL_CONVERSION = YES;
				CLANG_WARN_OBJC_IMPLICIT_RETAIN_SELF = YES;
				CLANG_WARN_OBJC_LITERAL_CONVERSION = YES;
				CLANG_WARN_OBJC_ROOT_CLASS = YES_ERROR;
				CLANG_WARN_RANGE_LOOP_ANALYSIS = YES;
				CLANG_WARN_STRICT_PROTOTYPES = YES;
				CLANG_WARN_SUSPICIOUS_MOVE = YES;
				CLANG_WARN_UNGUARDED_AVAILABILITY = YES_AGGRESSIVE;
				CLANG_WARN_UNREACHABLE_CODE = YES;
				CLANG_WARN__DUPLICATE_METHOD_MATCH = YES;
				CODE_SIGN_IDENTITY = "iPhone Developer";
				COPY_PHASE_STRIP = NO;
				CURRENT_PROJECT_VERSION = 1;
				DEBUG_INFORMATION_FORMAT = dwarf;
				ENABLE_STRICT_OBJC_MSGSEND = YES;
				ENABLE_TESTABILITY = YES;
				GCC_C_LANGUAGE_STANDARD = gnu11;
				GCC_DYNAMIC_NO_PIC = NO;
				GCC_NO_COMMON_BLOCKS = YES;
				GCC_OPTIMIZATION_LEVEL = 0;
				GCC_PREPROCESSOR_DEFINITIONS = (
					"DEBUG=1",
					"$(inherited)",
				);
				GCC_WARN_64_TO_32_BIT_CONVERSION = YES;
				GCC_WARN_ABOUT_RETURN_TYPE = YES_ERROR;
				GCC_WARN_UNDECLARED_SELECTOR = YES;
				GCC_WARN_UNINITIALIZED_AUTOS = YES_AGGRESSIVE;
				GCC_WARN_UNUSED_FUNCTION = YES;
				GCC_WARN_UNUSED_VARIABLE = YES;
				IPHONEOS_DEPLOYMENT_TARGET = 10.0;
				MACOSX_DEPLOYMENT_TARGET = 10.11;
				MTL_ENABLE_DEBUG_INFO = INCLUDE_SOURCE;
				MTL_FAST_MATH = YES;
				ONLY_ACTIVE_ARCH = YES;
				SWIFT_ACTIVE_COMPILATION_CONDITIONS = DEBUG;
				SWIFT_OPTIMIZATION_LEVEL = "-Onone";
				TVOS_DEPLOYMENT_TARGET = 10.0;
				VERSIONING_SYSTEM = "apple-generic";
				VERSION_INFO_PREFIX = "";
				WATCHOS_DEPLOYMENT_TARGET = 3.0;
			};
			name = Debug;
		};
		0131717122353B9700E87E5E /* Release */ = {
			isa = XCBuildConfiguration;
			baseConfigurationReference = 0131718022353C7600E87E5E /* Version.xcconfig */;
			buildSettings = {
				ALWAYS_SEARCH_USER_PATHS = NO;
				CLANG_ANALYZER_NONNULL = YES;
				CLANG_ANALYZER_NUMBER_OBJECT_CONVERSION = YES_AGGRESSIVE;
				CLANG_CXX_LANGUAGE_STANDARD = "gnu++14";
				CLANG_CXX_LIBRARY = "libc++";
				CLANG_ENABLE_MODULES = YES;
				CLANG_ENABLE_OBJC_ARC = YES;
				CLANG_ENABLE_OBJC_WEAK = YES;
				CLANG_WARN_BLOCK_CAPTURE_AUTORELEASING = YES;
				CLANG_WARN_BOOL_CONVERSION = YES;
				CLANG_WARN_COMMA = YES;
				CLANG_WARN_CONSTANT_CONVERSION = YES;
				CLANG_WARN_DEPRECATED_OBJC_IMPLEMENTATIONS = YES;
				CLANG_WARN_DIRECT_OBJC_ISA_USAGE = YES_ERROR;
				CLANG_WARN_DOCUMENTATION_COMMENTS = YES;
				CLANG_WARN_EMPTY_BODY = YES;
				CLANG_WARN_ENUM_CONVERSION = YES;
				CLANG_WARN_INFINITE_RECURSION = YES;
				CLANG_WARN_INT_CONVERSION = YES;
				CLANG_WARN_NON_LITERAL_NULL_CONVERSION = YES;
				CLANG_WARN_OBJC_IMPLICIT_RETAIN_SELF = YES;
				CLANG_WARN_OBJC_LITERAL_CONVERSION = YES;
				CLANG_WARN_OBJC_ROOT_CLASS = YES_ERROR;
				CLANG_WARN_RANGE_LOOP_ANALYSIS = YES;
				CLANG_WARN_STRICT_PROTOTYPES = YES;
				CLANG_WARN_SUSPICIOUS_MOVE = YES;
				CLANG_WARN_UNGUARDED_AVAILABILITY = YES_AGGRESSIVE;
				CLANG_WARN_UNREACHABLE_CODE = YES;
				CLANG_WARN__DUPLICATE_METHOD_MATCH = YES;
				CODE_SIGN_IDENTITY = "iPhone Developer";
				COPY_PHASE_STRIP = NO;
				CURRENT_PROJECT_VERSION = 1;
				DEBUG_INFORMATION_FORMAT = "dwarf-with-dsym";
				ENABLE_NS_ASSERTIONS = NO;
				ENABLE_STRICT_OBJC_MSGSEND = YES;
				GCC_C_LANGUAGE_STANDARD = gnu11;
				GCC_NO_COMMON_BLOCKS = YES;
				GCC_WARN_64_TO_32_BIT_CONVERSION = YES;
				GCC_WARN_ABOUT_RETURN_TYPE = YES_ERROR;
				GCC_WARN_UNDECLARED_SELECTOR = YES;
				GCC_WARN_UNINITIALIZED_AUTOS = YES_AGGRESSIVE;
				GCC_WARN_UNUSED_FUNCTION = YES;
				GCC_WARN_UNUSED_VARIABLE = YES;
				IPHONEOS_DEPLOYMENT_TARGET = 10.0;
				MACOSX_DEPLOYMENT_TARGET = 10.11;
				MTL_ENABLE_DEBUG_INFO = NO;
				MTL_FAST_MATH = YES;
				SWIFT_COMPILATION_MODE = wholemodule;
				SWIFT_OPTIMIZATION_LEVEL = "-O";
				TVOS_DEPLOYMENT_TARGET = 10.0;
				VALIDATE_PRODUCT = YES;
				VERSIONING_SYSTEM = "apple-generic";
				VERSION_INFO_PREFIX = "";
				WATCHOS_DEPLOYMENT_TARGET = 3.0;
			};
			name = Release;
		};
		0131717322353B9700E87E5E /* Debug */ = {
			isa = XCBuildConfiguration;
			buildSettings = {
				CLANG_ENABLE_MODULES = YES;
				CODE_SIGN_IDENTITY = "iPhone Developer";
				DEFINES_MODULE = YES;
				DEVELOPMENT_TEAM = "";
				DYLIB_COMPATIBILITY_VERSION = 1;
				DYLIB_CURRENT_VERSION = 1;
				DYLIB_INSTALL_NAME_BASE = "@rpath";
				INFOPLIST_FILE = Aspect/Info.plist;
				INSTALL_PATH = "$(LOCAL_LIBRARY_DIR)/Frameworks";
				LD_RUNPATH_SEARCH_PATHS = (
					"$(inherited)",
					"@executable_path/Frameworks",
					"@loader_path/Frameworks",
				);
				PRODUCT_BUNDLE_IDENTIFIER = com.syzygy.Aspect;
				PRODUCT_NAME = Aspect;
				PROVISIONING_PROFILE_SPECIFIER = "";
				SDKROOT = iphoneos;
				SKIP_INSTALL = YES;
				SWIFT_OPTIMIZATION_LEVEL = "-Onone";
				SWIFT_VERSION = 4.2;
				TARGETED_DEVICE_FAMILY = "1,2";
			};
			name = Debug;
		};
		0131717422353B9700E87E5E /* Release */ = {
			isa = XCBuildConfiguration;
			buildSettings = {
				CLANG_ENABLE_MODULES = YES;
				DEFINES_MODULE = YES;
				DEVELOPMENT_TEAM = "";
				DYLIB_COMPATIBILITY_VERSION = 1;
				DYLIB_CURRENT_VERSION = 1;
				DYLIB_INSTALL_NAME_BASE = "@rpath";
				INFOPLIST_FILE = Aspect/Info.plist;
				INSTALL_PATH = "$(LOCAL_LIBRARY_DIR)/Frameworks";
				LD_RUNPATH_SEARCH_PATHS = (
					"$(inherited)",
					"@executable_path/Frameworks",
					"@loader_path/Frameworks",
				);
				PRODUCT_BUNDLE_IDENTIFIER = com.syzygy.Aspect;
				PRODUCT_NAME = Aspect;
				PROVISIONING_PROFILE_SPECIFIER = "";
				SDKROOT = iphoneos;
				SKIP_INSTALL = YES;
				SWIFT_VERSION = 4.2;
				TARGETED_DEVICE_FAMILY = "1,2";
			};
			name = Release;
		};
		0131717622353B9700E87E5E /* Debug */ = {
			isa = XCBuildConfiguration;
			buildSettings = {
				ALWAYS_EMBED_SWIFT_STANDARD_LIBRARIES = YES;
				BUNDLE_LOADER = "$(TEST_HOST)";
				CODE_SIGN_IDENTITY = "iPhone Developer";
				CODE_SIGN_STYLE = Automatic;
				DEVELOPMENT_TEAM = 4AGG3RNQPH;
				INFOPLIST_FILE = AspectTests/Info.plist;
				LD_RUNPATH_SEARCH_PATHS = (
					"$(inherited)",
					"@executable_path/Frameworks",
					"@loader_path/Frameworks",
				);
				PRODUCT_BUNDLE_IDENTIFIER = com.syzygy.AspectTests;
				PRODUCT_NAME = "$(TARGET_NAME)";
				PROVISIONING_PROFILE_SPECIFIER = "";
				SDKROOT = iphoneos;
				SWIFT_VERSION = 4.2;
				TARGETED_DEVICE_FAMILY = "1,2";
				TEST_HOST = "$(BUILT_PRODUCTS_DIR)/AspectDemo iOS.app/AspectDemo iOS";
			};
			name = Debug;
		};
		0131717722353B9700E87E5E /* Release */ = {
			isa = XCBuildConfiguration;
			buildSettings = {
				ALWAYS_EMBED_SWIFT_STANDARD_LIBRARIES = YES;
				BUNDLE_LOADER = "$(TEST_HOST)";
				CODE_SIGN_IDENTITY = "iPhone Developer";
				CODE_SIGN_STYLE = Automatic;
				DEVELOPMENT_TEAM = 4AGG3RNQPH;
				INFOPLIST_FILE = AspectTests/Info.plist;
				LD_RUNPATH_SEARCH_PATHS = (
					"$(inherited)",
					"@executable_path/Frameworks",
					"@loader_path/Frameworks",
				);
				PRODUCT_BUNDLE_IDENTIFIER = com.syzygy.AspectTests;
				PRODUCT_NAME = "$(TARGET_NAME)";
				PROVISIONING_PROFILE_SPECIFIER = "";
				SDKROOT = iphoneos;
				SWIFT_VERSION = 4.2;
				TARGETED_DEVICE_FAMILY = "1,2";
				TEST_HOST = "$(BUILT_PRODUCTS_DIR)/AspectDemo iOS.app/AspectDemo iOS";
			};
			name = Release;
		};
		0131720422355F0400E87E5E /* Debug */ = {
			isa = XCBuildConfiguration;
			buildSettings = {
				CLANG_ENABLE_MODULES = YES;
				CODE_SIGN_IDENTITY = "";
				DEFINES_MODULE = YES;
				DYLIB_COMPATIBILITY_VERSION = 1;
				DYLIB_CURRENT_VERSION = 1;
				DYLIB_INSTALL_NAME_BASE = "@rpath";
				INFOPLIST_FILE = Aspect/Info.plist;
				INSTALL_PATH = "$(LOCAL_LIBRARY_DIR)/Frameworks";
				LD_RUNPATH_SEARCH_PATHS = (
					"$(inherited)",
					"@executable_path/Frameworks",
					"@loader_path/Frameworks",
				);
				PRODUCT_BUNDLE_IDENTIFIER = com.syzygy.Aspect;
				PRODUCT_NAME = Aspect;
				PROVISIONING_PROFILE_SPECIFIER = "";
				SDKROOT = macosx;
				SKIP_INSTALL = YES;
				SWIFT_OPTIMIZATION_LEVEL = "-Onone";
				SWIFT_VERSION = 4.2;
				TARGETED_DEVICE_FAMILY = "1,2";
			};
			name = Debug;
		};
		0131720522355F0400E87E5E /* Release */ = {
			isa = XCBuildConfiguration;
			buildSettings = {
				CLANG_ENABLE_MODULES = YES;
				CODE_SIGN_IDENTITY = "";
				DEFINES_MODULE = YES;
				DYLIB_COMPATIBILITY_VERSION = 1;
				DYLIB_CURRENT_VERSION = 1;
				DYLIB_INSTALL_NAME_BASE = "@rpath";
				INFOPLIST_FILE = Aspect/Info.plist;
				INSTALL_PATH = "$(LOCAL_LIBRARY_DIR)/Frameworks";
				LD_RUNPATH_SEARCH_PATHS = (
					"$(inherited)",
					"@executable_path/Frameworks",
					"@loader_path/Frameworks",
				);
				PRODUCT_BUNDLE_IDENTIFIER = com.syzygy.Aspect;
				PRODUCT_NAME = Aspect;
				PROVISIONING_PROFILE_SPECIFIER = "";
				SDKROOT = macosx;
				SKIP_INSTALL = YES;
				SWIFT_VERSION = 4.2;
				TARGETED_DEVICE_FAMILY = "1,2";
			};
			name = Release;
		};
		0131721F22355F6500E87E5E /* Debug */ = {
			isa = XCBuildConfiguration;
			buildSettings = {
				CLANG_ENABLE_MODULES = YES;
				DEFINES_MODULE = YES;
				DYLIB_COMPATIBILITY_VERSION = 1;
				DYLIB_CURRENT_VERSION = 1;
				DYLIB_INSTALL_NAME_BASE = "@rpath";
				INFOPLIST_FILE = Aspect/Info.plist;
				INSTALL_PATH = "$(LOCAL_LIBRARY_DIR)/Frameworks";
				LD_RUNPATH_SEARCH_PATHS = (
					"$(inherited)",
					"@executable_path/Frameworks",
					"@loader_path/Frameworks",
				);
				PRODUCT_BUNDLE_IDENTIFIER = com.syzygy.Aspect;
				PRODUCT_NAME = Aspect;
				PROVISIONING_PROFILE_SPECIFIER = "";
				SDKROOT = appletvos;
				SKIP_INSTALL = YES;
				SWIFT_OPTIMIZATION_LEVEL = "-Onone";
				SWIFT_VERSION = 4.2;
				TARGETED_DEVICE_FAMILY = 3;
			};
			name = Debug;
		};
		0131722022355F6500E87E5E /* Release */ = {
			isa = XCBuildConfiguration;
			buildSettings = {
				CLANG_ENABLE_MODULES = YES;
				DEFINES_MODULE = YES;
				DYLIB_COMPATIBILITY_VERSION = 1;
				DYLIB_CURRENT_VERSION = 1;
				DYLIB_INSTALL_NAME_BASE = "@rpath";
				INFOPLIST_FILE = Aspect/Info.plist;
				INSTALL_PATH = "$(LOCAL_LIBRARY_DIR)/Frameworks";
				LD_RUNPATH_SEARCH_PATHS = (
					"$(inherited)",
					"@executable_path/Frameworks",
					"@loader_path/Frameworks",
				);
				PRODUCT_BUNDLE_IDENTIFIER = com.syzygy.Aspect;
				PRODUCT_NAME = Aspect;
				PROVISIONING_PROFILE_SPECIFIER = "";
				SDKROOT = appletvos;
				SKIP_INSTALL = YES;
				SWIFT_VERSION = 4.2;
				TARGETED_DEVICE_FAMILY = 3;
			};
			name = Release;
		};
		0131723A22355F9800E87E5E /* Debug */ = {
			isa = XCBuildConfiguration;
			buildSettings = {
				CLANG_ENABLE_MODULES = YES;
				DEFINES_MODULE = YES;
				DYLIB_COMPATIBILITY_VERSION = 1;
				DYLIB_CURRENT_VERSION = 1;
				DYLIB_INSTALL_NAME_BASE = "@rpath";
				INFOPLIST_FILE = Aspect/Info.plist;
				INSTALL_PATH = "$(LOCAL_LIBRARY_DIR)/Frameworks";
				LD_RUNPATH_SEARCH_PATHS = (
					"$(inherited)",
					"@executable_path/Frameworks",
					"@loader_path/Frameworks",
				);
				PRODUCT_BUNDLE_IDENTIFIER = com.syzygy.Aspect;
				PRODUCT_NAME = Aspect;
				PROVISIONING_PROFILE_SPECIFIER = "";
				SDKROOT = watchos;
				SKIP_INSTALL = YES;
				SWIFT_OPTIMIZATION_LEVEL = "-Onone";
				SWIFT_VERSION = 4.2;
				TARGETED_DEVICE_FAMILY = 4;
			};
			name = Debug;
		};
		0131723B22355F9800E87E5E /* Release */ = {
			isa = XCBuildConfiguration;
			buildSettings = {
				CLANG_ENABLE_MODULES = YES;
				DEFINES_MODULE = YES;
				DYLIB_COMPATIBILITY_VERSION = 1;
				DYLIB_CURRENT_VERSION = 1;
				DYLIB_INSTALL_NAME_BASE = "@rpath";
				INFOPLIST_FILE = Aspect/Info.plist;
				INSTALL_PATH = "$(LOCAL_LIBRARY_DIR)/Frameworks";
				LD_RUNPATH_SEARCH_PATHS = (
					"$(inherited)",
					"@executable_path/Frameworks",
					"@loader_path/Frameworks",
				);
				PRODUCT_BUNDLE_IDENTIFIER = com.syzygy.Aspect;
				PRODUCT_NAME = Aspect;
				PROVISIONING_PROFILE_SPECIFIER = "";
				SDKROOT = watchos;
				SKIP_INSTALL = YES;
				SWIFT_VERSION = 4.2;
				TARGETED_DEVICE_FAMILY = 4;
			};
			name = Release;
		};
		01495F942236AC6C00216DE7 /* Debug */ = {
			isa = XCBuildConfiguration;
			buildSettings = {
				CODE_SIGN_IDENTITY = "-";
				CODE_SIGN_STYLE = Automatic;
				COMBINE_HIDPI_IMAGES = YES;
				INFOPLIST_FILE = AspectTests/Info.plist;
				LD_RUNPATH_SEARCH_PATHS = (
					"$(inherited)",
					"@executable_path/../Frameworks",
					"@loader_path/../Frameworks",
				);
				MACOSX_DEPLOYMENT_TARGET = 10.14;
				PRODUCT_BUNDLE_IDENTIFIER = "com.syzygy.AspectTests-macOS";
				PRODUCT_NAME = "$(TARGET_NAME)";
				SDKROOT = macosx;
				SWIFT_VERSION = 4.2;
			};
			name = Debug;
		};
		01495F952236AC6C00216DE7 /* Release */ = {
			isa = XCBuildConfiguration;
			buildSettings = {
				CODE_SIGN_IDENTITY = "-";
				CODE_SIGN_STYLE = Automatic;
				COMBINE_HIDPI_IMAGES = YES;
				INFOPLIST_FILE = AspectTests/Info.plist;
				LD_RUNPATH_SEARCH_PATHS = (
					"$(inherited)",
					"@executable_path/../Frameworks",
					"@loader_path/../Frameworks",
				);
				MACOSX_DEPLOYMENT_TARGET = 10.14;
				PRODUCT_BUNDLE_IDENTIFIER = "com.syzygy.AspectTests-macOS";
				PRODUCT_NAME = "$(TARGET_NAME)";
				SDKROOT = macosx;
				SWIFT_VERSION = 4.2;
			};
			name = Release;
		};
		01495FA52236ACDF00216DE7 /* Debug */ = {
			isa = XCBuildConfiguration;
			buildSettings = {
				CODE_SIGN_STYLE = Automatic;
				INFOPLIST_FILE = AspectTests/Info.plist;
				LD_RUNPATH_SEARCH_PATHS = (
					"$(inherited)",
					"@executable_path/Frameworks",
					"@loader_path/Frameworks",
				);
				PRODUCT_BUNDLE_IDENTIFIER = "com.syzygy.AspectTests-tvOS";
				PRODUCT_NAME = "$(TARGET_NAME)";
				SDKROOT = appletvos;
				SWIFT_VERSION = 4.2;
				TARGETED_DEVICE_FAMILY = 3;
				TVOS_DEPLOYMENT_TARGET = 12.1;
			};
			name = Debug;
		};
		01495FA62236ACDF00216DE7 /* Release */ = {
			isa = XCBuildConfiguration;
			buildSettings = {
				CODE_SIGN_STYLE = Automatic;
				INFOPLIST_FILE = AspectTests/Info.plist;
				LD_RUNPATH_SEARCH_PATHS = (
					"$(inherited)",
					"@executable_path/Frameworks",
					"@loader_path/Frameworks",
				);
				PRODUCT_BUNDLE_IDENTIFIER = "com.syzygy.AspectTests-tvOS";
				PRODUCT_NAME = "$(TARGET_NAME)";
				SDKROOT = appletvos;
				SWIFT_VERSION = 4.2;
				TARGETED_DEVICE_FAMILY = 3;
				TVOS_DEPLOYMENT_TARGET = 12.1;
			};
			name = Release;
		};
		01495FBC2237ED6F00216DE7 /* Debug */ = {
			isa = XCBuildConfiguration;
			buildSettings = {
				ALWAYS_EMBED_SWIFT_STANDARD_LIBRARIES = YES;
				ASSETCATALOG_COMPILER_APPICON_NAME = AppIcon;
				CODE_SIGN_STYLE = Automatic;
				DEVELOPMENT_TEAM = 4AGG3RNQPH;
				INFOPLIST_FILE = AspectDemo/Info.plist;
				IPHONEOS_DEPLOYMENT_TARGET = 12.1;
				LD_RUNPATH_SEARCH_PATHS = (
					"$(inherited)",
					"@executable_path/Frameworks",
				);
				PRODUCT_BUNDLE_IDENTIFIER = com.syzygy.AspectDemo;
				PRODUCT_NAME = "$(TARGET_NAME)";
				SDKROOT = iphoneos;
				SWIFT_VERSION = 4.2;
				TARGETED_DEVICE_FAMILY = "1,2";
			};
			name = Debug;
		};
		01495FBD2237ED6F00216DE7 /* Release */ = {
			isa = XCBuildConfiguration;
			buildSettings = {
				ALWAYS_EMBED_SWIFT_STANDARD_LIBRARIES = YES;
				ASSETCATALOG_COMPILER_APPICON_NAME = AppIcon;
				CODE_SIGN_STYLE = Automatic;
				DEVELOPMENT_TEAM = 4AGG3RNQPH;
				INFOPLIST_FILE = AspectDemo/Info.plist;
				IPHONEOS_DEPLOYMENT_TARGET = 12.1;
				LD_RUNPATH_SEARCH_PATHS = (
					"$(inherited)",
					"@executable_path/Frameworks",
				);
				PRODUCT_BUNDLE_IDENTIFIER = com.syzygy.AspectDemo;
				PRODUCT_NAME = "$(TARGET_NAME)";
				SDKROOT = iphoneos;
				SWIFT_VERSION = 4.2;
				TARGETED_DEVICE_FAMILY = "1,2";
			};
			name = Release;
		};
/* End XCBuildConfiguration section */

/* Begin XCConfigurationList section */
		0131715822353B9600E87E5E /* Build configuration list for PBXProject "Aspect" */ = {
			isa = XCConfigurationList;
			buildConfigurations = (
				0131717022353B9700E87E5E /* Debug */,
				0131717122353B9700E87E5E /* Release */,
			);
			defaultConfigurationIsVisible = 0;
			defaultConfigurationName = Release;
		};
		0131717222353B9700E87E5E /* Build configuration list for PBXNativeTarget "Aspect iOS" */ = {
			isa = XCConfigurationList;
			buildConfigurations = (
				0131717322353B9700E87E5E /* Debug */,
				0131717422353B9700E87E5E /* Release */,
			);
			defaultConfigurationIsVisible = 0;
			defaultConfigurationName = Release;
		};
		0131717522353B9700E87E5E /* Build configuration list for PBXNativeTarget "AspectTests iOS" */ = {
			isa = XCConfigurationList;
			buildConfigurations = (
				0131717622353B9700E87E5E /* Debug */,
				0131717722353B9700E87E5E /* Release */,
			);
			defaultConfigurationIsVisible = 0;
			defaultConfigurationName = Release;
		};
		0131720322355F0400E87E5E /* Build configuration list for PBXNativeTarget "Aspect macOS" */ = {
			isa = XCConfigurationList;
			buildConfigurations = (
				0131720422355F0400E87E5E /* Debug */,
				0131720522355F0400E87E5E /* Release */,
			);
			defaultConfigurationIsVisible = 0;
			defaultConfigurationName = Release;
		};
		0131721E22355F6500E87E5E /* Build configuration list for PBXNativeTarget "Aspect tvOS" */ = {
			isa = XCConfigurationList;
			buildConfigurations = (
				0131721F22355F6500E87E5E /* Debug */,
				0131722022355F6500E87E5E /* Release */,
			);
			defaultConfigurationIsVisible = 0;
			defaultConfigurationName = Release;
		};
		0131723922355F9800E87E5E /* Build configuration list for PBXNativeTarget "Aspect watchOS" */ = {
			isa = XCConfigurationList;
			buildConfigurations = (
				0131723A22355F9800E87E5E /* Debug */,
				0131723B22355F9800E87E5E /* Release */,
			);
			defaultConfigurationIsVisible = 0;
			defaultConfigurationName = Release;
		};
		01495F962236AC6C00216DE7 /* Build configuration list for PBXNativeTarget "AspectTests macOS" */ = {
			isa = XCConfigurationList;
			buildConfigurations = (
				01495F942236AC6C00216DE7 /* Debug */,
				01495F952236AC6C00216DE7 /* Release */,
			);
			defaultConfigurationIsVisible = 0;
			defaultConfigurationName = Release;
		};
		01495FA42236ACDF00216DE7 /* Build configuration list for PBXNativeTarget "AspectTests tvOS" */ = {
			isa = XCConfigurationList;
			buildConfigurations = (
				01495FA52236ACDF00216DE7 /* Debug */,
				01495FA62236ACDF00216DE7 /* Release */,
			);
			defaultConfigurationIsVisible = 0;
			defaultConfigurationName = Release;
		};
		01495FBB2237ED6F00216DE7 /* Build configuration list for PBXNativeTarget "AspectDemo iOS" */ = {
			isa = XCConfigurationList;
			buildConfigurations = (
				01495FBC2237ED6F00216DE7 /* Debug */,
				01495FBD2237ED6F00216DE7 /* Release */,
			);
			defaultConfigurationIsVisible = 0;
			defaultConfigurationName = Release;
		};
/* End XCConfigurationList section */
	};
	rootObject = 0131715522353B9600E87E5E /* Project object */;
}
